// !$*UTF8*$!
{
	archiveVersion = 1;
	classes = {
	};
	objectVersion = 46;
	objects = {

/* Begin PBXBuildFile section */
		1DD948D81A8E4C1B0015F40B /* main.m in Sources */ = {isa = PBXBuildFile; fileRef = 1DD948D71A8E4C1B0015F40B /* main.m */; };
		1DD948DB1A8E4C1B0015F40B /* AppDelegate.m in Sources */ = {isa = PBXBuildFile; fileRef = 1DD948DA1A8E4C1B0015F40B /* AppDelegate.m */; };
		1DD948DE1A8E4C1B0015F40B /* ViewController.m in Sources */ = {isa = PBXBuildFile; fileRef = 1DD948DD1A8E4C1B0015F40B /* ViewController.m */; };
		1DD948E11A8E4C1B0015F40B /* Main.storyboard in Resources */ = {isa = PBXBuildFile; fileRef = 1DD948DF1A8E4C1B0015F40B /* Main.storyboard */; };
		1DD948E31A8E4C1B0015F40B /* Images.xcassets in Resources */ = {isa = PBXBuildFile; fileRef = 1DD948E21A8E4C1B0015F40B /* Images.xcassets */; };
		1DD948E61A8E4C1B0015F40B /* LaunchScreen.xib in Resources */ = {isa = PBXBuildFile; fileRef = 1DD948E41A8E4C1B0015F40B /* LaunchScreen.xib */; };
		1DD948F21A8E4C1B0015F40B /* gitHubDemoTests.m in Sources */ = {isa = PBXBuildFile; fileRef = 1DD948F11A8E4C1B0015F40B /* gitHubDemoTests.m */; };
/* End PBXBuildFile section */

/* Begin PBXContainerItemProxy section */
		1DD948EC1A8E4C1B0015F40B /* PBXContainerItemProxy */ = {
			isa = PBXContainerItemProxy;
			containerPortal = 1DD948CA1A8E4C1B0015F40B /* Project object */;
			proxyType = 1;
			remoteGlobalIDString = 1DD948D11A8E4C1B0015F40B;
			remoteInfo = gitHubDemo;
		};
/* End PBXContainerItemProxy section */

/* Begin PBXFileReference section */
		1DD948D21A8E4C1B0015F40B /* gitHubDemo.app */ = {isa = PBXFileReference; explicitFileType = wrapper.application; includeInIndex = 0; path = gitHubDemo.app; sourceTree = BUILT_PRODUCTS_DIR; };
		1DD948D61A8E4C1B0015F40B /* Info.plist */ = {isa = PBXFileReference; lastKnownFileType = text.plist.xml; path = Info.plist; sourceTree = "<group>"; };
		1DD948D71A8E4C1B0015F40B /* main.m */ = {isa = PBXFileReference; lastKnownFileType = sourcecode.c.objc; path = main.m; sourceTree = "<group>"; };
		1DD948D91A8E4C1B0015F40B /* AppDelegate.h */ = {isa = PBXFileReference; lastKnownFileType = sourcecode.c.h; path = AppDelegate.h; sourceTree = "<group>"; };
		1DD948DA1A8E4C1B0015F40B /* AppDelegate.m */ = {isa = PBXFileReference; lastKnownFileType = sourcecode.c.objc; path = AppDelegate.m; sourceTree = "<group>"; };
		1DD948DC1A8E4C1B0015F40B /* ViewController.h */ = {isa = PBXFileReference; lastKnownFileType = sourcecode.c.h; path = ViewController.h; sourceTree = "<group>"; };
		1DD948DD1A8E4C1B0015F40B /* ViewController.m */ = {isa = PBXFileReference; lastKnownFileType = sourcecode.c.objc; path = ViewController.m; sourceTree = "<group>"; };
		1DD948E01A8E4C1B0015F40B /* Base */ = {isa = PBXFileReference; lastKnownFileType = file.storyboard; name = Base; path = Base.lproj/Main.storyboard; sourceTree = "<group>"; };
		1DD948E21A8E4C1B0015F40B /* Images.xcassets */ = {isa = PBXFileReference; lastKnownFileType = folder.assetcatalog; path = Images.xcassets; sourceTree = "<group>"; };
		1DD948E51A8E4C1B0015F40B /* Base */ = {isa = PBXFileReference; lastKnownFileType = file.xib; name = Base; path = Base.lproj/LaunchScreen.xib; sourceTree = "<group>"; };
		1DD948EB1A8E4C1B0015F40B /* gitHubDemoTests.xctest */ = {isa = PBXFileReference; explicitFileType = wrapper.cfbundle; includeInIndex = 0; path = gitHubDemoTests.xctest; sourceTree = BUILT_PRODUCTS_DIR; };
		1DD948F01A8E4C1B0015F40B /* Info.plist */ = {isa = PBXFileReference; lastKnownFileType = text.plist.xml; path = Info.plist; sourceTree = "<group>"; };
		1DD948F11A8E4C1B0015F40B /* gitHubDemoTests.m */ = {isa = PBXFileReference; lastKnownFileType = sourcecode.c.objc; path = gitHubDemoTests.m; sourceTree = "<group>"; };
/* End PBXFileReference section */

/* Begin PBXFrameworksBuildPhase section */
		1DD948CF1A8E4C1B0015F40B /* Frameworks */ = {
			isa = PBXFrameworksBuildPhase;
			buildActionMask = 2147483647;
			files = (
			);
			runOnlyForDeploymentPostprocessing = 0;
		};
		1DD948E81A8E4C1B0015F40B /* Frameworks */ = {
			isa = PBXFrameworksBuildPhase;
			buildActionMask = 2147483647;
			files = (
			);
			runOnlyForDeploymentPostprocessing = 0;
		};
/* End PBXFrameworksBuildPhase section */

/* Begin PBXGroup section */
		1DD948C91A8E4C1B0015F40B = {
			isa = PBXGroup;
			children = (
				1DD948D41A8E4C1B0015F40B /* gitHubDemo */,
				1DD948EE1A8E4C1B0015F40B /* gitHubDemoTests */,
				1DD948D31A8E4C1B0015F40B /* Products */,
			);
			sourceTree = "<group>";
		};
		1DD948D31A8E4C1B0015F40B /* Products */ = {
			isa = PBXGroup;
			children = (
				1DD948D21A8E4C1B0015F40B /* gitHubDemo.app */,
				1DD948EB1A8E4C1B0015F40B /* gitHubDemoTests.xctest */,
			);
			name = Products;
			sourceTree = "<group>";
		};
		1DD948D41A8E4C1B0015F40B /* gitHubDemo */ = {
			isa = PBXGroup;
			children = (
				1DD948D91A8E4C1B0015F40B /* AppDelegate.h */,
				1DD948DA1A8E4C1B0015F40B /* AppDelegate.m */,
				1DD948DC1A8E4C1B0015F40B /* ViewController.h */,
				1DD948DD1A8E4C1B0015F40B /* ViewController.m */,
				1DD948DF1A8E4C1B0015F40B /* Main.storyboard */,
				1DD948E21A8E4C1B0015F40B /* Images.xcassets */,
				1DD948E41A8E4C1B0015F40B /* LaunchScreen.xib */,
				1DD948D51A8E4C1B0015F40B /* Supporting Files */,
			);
			path = gitHubDemo;
			sourceTree = "<group>";
		};
		1DD948D51A8E4C1B0015F40B /* Supporting Files */ = {
			isa = PBXGroup;
			children = (
				1DD948D61A8E4C1B0015F40B /* Info.plist */,
				1DD948D71A8E4C1B0015F40B /* main.m */,
			);
			name = "Supporting Files";
			sourceTree = "<group>";
		};
		1DD948EE1A8E4C1B0015F40B /* gitHubDemoTests */ = {
			isa = PBXGroup;
			children = (
				1DD948F11A8E4C1B0015F40B /* gitHubDemoTests.m */,
				1DD948EF1A8E4C1B0015F40B /* Supporting Files */,
			);
			path = gitHubDemoTests;
			sourceTree = "<group>";
		};
		1DD948EF1A8E4C1B0015F40B /* Supporting Files */ = {
			isa = PBXGroup;
			children = (
				1DD948F01A8E4C1B0015F40B /* Info.plist */,
			);
			name = "Supporting Files";
			sourceTree = "<group>";
		};
/* End PBXGroup section */

/* Begin PBXNativeTarget section */
		1DD948D11A8E4C1B0015F40B /* gitHubDemo */ = {
			isa = PBXNativeTarget;
			buildConfigurationList = 1DD948F51A8E4C1B0015F40B /* Build configuration list for PBXNativeTarget "gitHubDemo" */;
			buildPhases = (
				1DD948CE1A8E4C1B0015F40B /* Sources */,
				1DD948CF1A8E4C1B0015F40B /* Frameworks */,
				1DD948D01A8E4C1B0015F40B /* Resources */,
			);
			buildRules = (
			);
			dependencies = (
			);
			name = gitHubDemo;
			productName = gitHubDemo;
			productReference = 1DD948D21A8E4C1B0015F40B /* gitHubDemo.app */;
			productType = "com.apple.product-type.application";
		};
		1DD948EA1A8E4C1B0015F40B /* gitHubDemoTests */ = {
			isa = PBXNativeTarget;
			buildConfigurationList = 1DD948F81A8E4C1B0015F40B /* Build configuration list for PBXNativeTarget "gitHubDemoTests" */;
			buildPhases = (
				1DD948E71A8E4C1B0015F40B /* Sources */,
				1DD948E81A8E4C1B0015F40B /* Frameworks */,
				1DD948E91A8E4C1B0015F40B /* Resources */,
			);
			buildRules = (
			);
			dependencies = (
				1DD948ED1A8E4C1B0015F40B /* PBXTargetDependency */,
			);
			name = gitHubDemoTests;
			productName = gitHubDemoTests;
			productReference = 1DD948EB1A8E4C1B0015F40B /* gitHubDemoTests.xctest */;
			productType = "com.apple.product-type.bundle.unit-test";
		};
/* End PBXNativeTarget section */

/* Begin PBXProject section */
		1DD948CA1A8E4C1B0015F40B /* Project object */ = {
			isa = PBXProject;
			attributes = {
				LastUpgradeCheck = 0610;
				ORGANIZATIONNAME = landehong;
				TargetAttributes = {
					1DD948D11A8E4C1B0015F40B = {
						CreatedOnToolsVersion = 6.1.1;
					};
					1DD948EA1A8E4C1B0015F40B = {
						CreatedOnToolsVersion = 6.1.1;
						TestTargetID = 1DD948D11A8E4C1B0015F40B;
					};
				};
			};
			buildConfigurationList = 1DD948CD1A8E4C1B0015F40B /* Build configuration list for PBXProject "gitHubDemo" */;
			compatibilityVersion = "Xcode 3.2";
			developmentRegion = English;
			hasScannedForEncodings = 0;
			knownRegions = (
				en,
				Base,
			);
			mainGroup = 1DD948C91A8E4C1B0015F40B;
			productRefGroup = 1DD948D31A8E4C1B0015F40B /* Products */;
			projectDirPath = "";
			projectRoot = "";
			targets = (
				1DD948D11A8E4C1B0015F40B /* gitHubDemo */,
				1DD948EA1A8E4C1B0015F40B /* gitHubDemoTests */,
			);
		};
/* End PBXProject section */

/* Begin PBXResourcesBuildPhase section */
		1DD948D01A8E4C1B0015F40B /* Resources */ = {
			isa = PBXResourcesBuildPhase;
			buildActionMask = 2147483647;
			files = (
				1DD948E11A8E4C1B0015F40B /* Main.storyboard in Resources */,
				1DD948E61A8E4C1B0015F40B /* LaunchScreen.xib in Resources */,
				1DD948E31A8E4C1B0015F40B /* Images.xcassets in Resources */,
			);
			runOnlyForDeploymentPostprocessing = 0;
		};
		1DD948E91A8E4C1B0015F40B /* Resources */ = {
			isa = PBXResourcesBuildPhase;
			buildActionMask = 2147483647;
			files = (
			);
			runOnlyForDeploymentPostprocessing = 0;
		};
/* End PBXResourcesBuildPhase section */

/* Begin PBXSourcesBuildPhase section */
		1DD948CE1A8E4C1B0015F40B /* Sources */ = {
			isa = PBXSourcesBuildPhase;
			buildActionMask = 2147483647;
			files = (
				1DD948DE1A8E4C1B0015F40B /* ViewController.m in Sources */,
				1DD948DB1A8E4C1B0015F40B /* AppDelegate.m in Sources */,
				1DD948D81A8E4C1B0015F40B /* main.m in Sources */,
			);
			runOnlyForDeploymentPostprocessing = 0;
		};
		1DD948E71A8E4C1B0015F40B /* Sources */ = {
			isa = PBXSourcesBuildPhase;
			buildActionMask = 2147483647;
			files = (
				1DD948F21A8E4C1B0015F40B /* gitHubDemoTests.m in Sources */,
			);
			runOnlyForDeploymentPostprocessing = 0;
		};
/* End PBXSourcesBuildPhase section */

/* Begin PBXTargetDependency section */
		1DD948ED1A8E4C1B0015F40B /* PBXTargetDependency */ = {
			isa = PBXTargetDependency;
			target = 1DD948D11A8E4C1B0015F40B /* gitHubDemo */;
			targetProxy = 1DD948EC1A8E4C1B0015F40B /* PBXContainerItemProxy */;
		};
/* End PBXTargetDependency section */

/* Begin PBXVariantGroup section */
		1DD948DF1A8E4C1B0015F40B /* Main.storyboard */ = {
			isa = PBXVariantGroup;
			children = (
				1DD948E01A8E4C1B0015F40B /* Base */,
			);
			name = Main.storyboard;
			sourceTree = "<group>";
		};
		1DD948E41A8E4C1B0015F40B /* LaunchScreen.xib */ = {
			isa = PBXVariantGroup;
			children = (
				1DD948E51A8E4C1B0015F40B /* Base */,
			);
			name = LaunchScreen.xib;
			sourceTree = "<group>";
		};
/* End PBXVariantGroup section */

/* Begin XCBuildConfiguration section */
		1DD948F31A8E4C1B0015F40B /* Debug */ = {
			isa = XCBuildConfiguration;
			buildSettings = {
				ALWAYS_SEARCH_USER_PATHS = NO;
				CLANG_CXX_LANGUAGE_STANDARD = "gnu++0x";
				CLANG_CXX_LIBRARY = "libc++";
				CLANG_ENABLE_MODULES = YES;
				CLANG_ENABLE_OBJC_ARC = YES;
				CLANG_WARN_BOOL_CONVERSION = YES;
				CLANG_WARN_CONSTANT_CONVERSION = YES;
				CLANG_WARN_DIRECT_OBJC_ISA_USAGE = YES_ERROR;
				CLANG_WARN_EMPTY_BODY = YES;
				CLANG_WARN_ENUM_CONVERSION = YES;
				CLANG_WARN_INT_CONVERSION = YES;
				CLANG_WARN_OBJC_ROOT_CLASS = YES_ERROR;
				CLANG_WARN_UNREACHABLE_CODE = YES;
				CLANG_WARN__DUPLICATE_METHOD_MATCH = YES;
				"CODE_SIGN_IDENTITY[sdk=iphoneos*]" = "iPhone Developer";
				COPY_PHASE_STRIP = NO;
				ENABLE_STRICT_OBJC_MSGSEND = YES;
				GCC_C_LANGUAGE_STANDARD = gnu99;
				GCC_DYNAMIC_NO_PIC = NO;
				GCC_OPTIMIZATION_LEVEL = 0;
				GCC_PREPROCESSOR_DEFINITIONS = (
					"DEBUG=1",
					"$(inherited)",
				);
				GCC_SYMBOLS_PRIVATE_EXTERN = NO;
				GCC_WARN_64_TO_32_BIT_CONVERSION = YES;
				GCC_WARN_ABOUT_RETURN_TYPE = YES_ERROR;
				GCC_WARN_UNDECLARED_SELECTOR = YES;
				GCC_WARN_UNINITIALIZED_AUTOS = YES_AGGRESSIVE;
				GCC_WARN_UNUSED_FUNCTION = YES;
				GCC_WARN_UNUSED_VARIABLE = YES;
				IPHONEOS_DEPLOYMENT_TARGET = 8.1;
				MTL_ENABLE_DEBUG_INFO = YES;
				ONLY_ACTIVE_ARCH = YES;
				SDKROOT = iphoneos;
			};
			name = Debug;
		};
		1DD948F41A8E4C1B0015F40B /* Release */ = {
			isa = XCBuildConfiguration;
			buildSettings = {
				ALWAYS_SEARCH_USER_PATHS = NO;
				CLANG_CXX_LANGUAGE_STANDARD = "gnu++0x";
				CLANG_CXX_LIBRARY = "libc++";
				CLANG_ENABLE_MODULES = YES;
				CLANG_ENABLE_OBJC_ARC = YES;
				CLANG_WARN_BOOL_CONVERSION = YES;
				CLANG_WARN_CONSTANT_CONVERSION = YES;
				CLANG_WARN_DIRECT_OBJC_ISA_USAGE = YES_ERROR;
				CLANG_WARN_EMPTY_BODY = YES;
				CLANG_WARN_ENUM_CONVERSION = YES;
				CLANG_WARN_INT_CONVERSION = YES;
				CLANG_WARN_OBJC_ROOT_CLASS = YES_ERROR;
				CLANG_WARN_UNREACHABLE_CODE = YES;
				CLANG_WARN__DUPLICATE_METHOD_MATCH = YES;
				"CODE_SIGN_IDENTITY[sdk=iphoneos*]" = "iPhone Developer";
				COPY_PHASE_STRIP = YES;
				ENABLE_NS_ASSERTIONS = NO;
				ENABLE_STRICT_OBJC_MSGSEND = YES;
				GCC_C_LANGUAGE_STANDARD = gnu99;
				GCC_WARN_64_TO_32_BIT_CONVERSION = YES;
				GCC_WARN_ABOUT_RETURN_TYPE = YES_ERROR;
				GCC_WARN_UNDECLARED_SELECTOR = YES;
				GCC_WARN_UNINITIALIZED_AUTOS = YES_AGGRESSIVE;
				GCC_WARN_UNUSED_FUNCTION = YES;
				GCC_WARN_UNUSED_VARIABLE = YES;
				IPHONEOS_DEPLOYMENT_TARGET = 8.1;
				MTL_ENABLE_DEBUG_INFO = NO;
				SDKROOT = iphoneos;
				VALIDATE_PRODUCT = YES;
			};
			name = Release;
		};
		1DD948F61A8E4C1B0015F40B /* Debug */ = {
			isa = XCBuildConfiguration;
			buildSettings = {
				ASSETCATALOG_COMPILER_APPICON_NAME = AppIcon;
				INFOPLIST_FILE = gitHubDemo/Info.plist;
				LD_RUNPATH_SEARCH_PATHS = "$(inherited) @executable_path/Frameworks";
				PRODUCT_NAME = "$(TARGET_NAME)";
			};
			name = Debug;
		};
		1DD948F71A8E4C1B0015F40B /* Release */ = {
			isa = XCBuildConfiguration;
			buildSettings = {
				ASSETCATALOG_COMPILER_APPICON_NAME = AppIcon;
				INFOPLIST_FILE = gitHubDemo/Info.plist;
				LD_RUNPATH_SEARCH_PATHS = "$(inherited) @executable_path/Frameworks";
				PRODUCT_NAME = "$(TARGET_NAME)";
			};
			name = Release;
		};
		1DD948F91A8E4C1B0015F40B /* Debug */ = {
			isa = XCBuildConfiguration;
			buildSettings = {
				BUNDLE_LOADER = "$(TEST_HOST)";
				FRAMEWORK_SEARCH_PATHS = (
					"$(SDKROOT)/Developer/Library/Frameworks",
					"$(inherited)",
				);
				GCC_PREPROCESSOR_DEFINITIONS = (
					"DEBUG=1",
					"$(inherited)",
				);
				INFOPLIST_FILE = gitHubDemoTests/Info.plist;
				LD_RUNPATH_SEARCH_PATHS = "$(inherited) @executable_path/Frameworks @loader_path/Frameworks";
				PRODUCT_NAME = "$(TARGET_NAME)";
				TEST_HOST = "$(BUILT_PRODUCTS_DIR)/gitHubDemo.app/gitHubDemo";
			};
			name = Debug;
		};
		1DD948FA1A8E4C1B0015F40B /* Release */ = {
			isa = XCBuildConfiguration;
			buildSettings = {
				BUNDLE_LOADER = "$(TEST_HOST)";
				FRAMEWORK_SEARCH_PATHS = (
					"$(SDKROOT)/Developer/Library/Frameworks",
					"$(inherited)",
				);
				INFOPLIST_FILE = gitHubDemoTests/Info.plist;
				LD_RUNPATH_SEARCH_PATHS = "$(inherited) @executable_path/Frameworks @loader_path/Frameworks";
				PRODUCT_NAME = "$(TARGET_NAME)";
				TEST_HOST = "$(BUILT_PRODUCTS_DIR)/gitHubDemo.app/gitHubDemo";
			};
			name = Release;
		};
/* End XCBuildConfiguration section */

/* Begin XCConfigurationList section */
		1DD948CD1A8E4C1B0015F40B /* Build configuration list for PBXProject "gitHubDemo" */ = {
			isa = XCConfigurationList;
			buildConfigurations = (
				1DD948F31A8E4C1B0015F40B /* Debug */,
				1DD948F41A8E4C1B0015F40B /* Release */,
			);
			defaultConfigurationIsVisible = 0;
			defaultConfigurationName = Release;
		};
		1DD948F51A8E4C1B0015F40B /* Build configuration list for PBXNativeTarget "gitHubDemo" */ = {
			isa = XCConfigurationList;
			buildConfigurations = (
				1DD948F61A8E4C1B0015F40B /* Debug */,
				1DD948F71A8E4C1B0015F40B /* Release */,
			);
			defaultConfigurationIsVisible = 0;
		};
		1DD948F81A8E4C1B0015F40B /* Build configuration list for PBXNativeTarget "gitHubDemoTests" */ = {
			isa = XCConfigurationList;
			buildConfigurations = (
				1DD948F91A8E4C1B0015F40B /* Debug */,
				1DD948FA1A8E4C1B0015F40B /* Release */,
			);
			defaultConfigurationIsVisible = 0;
		};
/* End XCConfigurationList section */
	};
	rootObject = 1DD948CA1A8E4C1B0015F40B /* Project object */;
}
